
Microsoft Visual Studio Solution File, Format Version 11.00
# Visual Studio 2010
Project("{FAE04EC0-301F-11D3-BF4B-00C04F79EFBC}") = "ExoWeb", "ExoWeb\ExoWeb.csproj", "{4B14422C-751C-42AE-832A-B474A4AD0D95}"
EndProject
Project("{FAE04EC0-301F-11D3-BF4B-00C04F79EFBC}") = "ExoGraph", "..\ExoGraph\ExoGraph\ExoGraph.csproj", "{F1D92AF4-9E97-4D29-8A24-B3C3011F2A42}"
EndProject
Project("{FAE04EC0-301F-11D3-BF4B-00C04F79EFBC}") = "ExoWeb.Samples", "ExoWeb.Samples\ExoWeb.Samples.csproj", "{8FFBF556-E856-469E-8E6E-E88A6165766B}"
EndProject
Project("{FAE04EC0-301F-11D3-BF4B-00C04F79EFBC}") = "ExoWeb.UnitTests", "ExoWeb.UnitTests\ExoWeb.UnitTests.csproj", "{2CA3FA4E-53DA-4E4C-BBFC-DDC0A010F4BA}"
EndProject
Project("{FAE04EC0-301F-11D3-BF4B-00C04F79EFBC}") = "ExoWeb.DataAnnotations", "ExoWeb.DataAnnotations\ExoWeb.DataAnnotations.csproj", "{662948BC-59DA-4771-949F-C5327BF35518}"
EndProject
Project("{FAE04EC0-301F-11D3-BF4B-00C04F79EFBC}") = "ExoWeb.UnitTests.Server", "ExoWeb.UnitTests.Server\ExoWeb.UnitTests.Server.csproj", "{390E2A10-D560-4DF0-8342-B1B686F74189}"
EndProject
Project("{2150E333-8FDC-42A3-9474-1A3956D46DE8}") = "Solution Items", "Solution Items", "{90A77934-FEB7-4A62-8E47-58C1A973D26B}"
	ProjectSection(SolutionItems) = preProject
		ExoWeb.vsmdi = ExoWeb.vsmdi
		Local.testsettings = Local.testsettings
		TraceAndTestImpact.testsettings = TraceAndTestImpact.testsettings
	EndProjectSection
EndProject
Global
	GlobalSection(TeamFoundationVersionControl) = preSolution
		SccNumberOfProjects = 7
		SccEnterpriseProvider = {4CA58AB2-18FA-4F8D-95D4-32DDF27D184C}
		SccTeamFoundationServer = http://vc3-cae-tfs-01.vc3.com:8080/tfs/defaultcollection
		SccLocalPath0 = .
		SccProjectUniqueName1 = ..\\ExoGraph\\ExoGraph\\ExoGraph.csproj
		SccProjectName1 = ../ExoGraph/ExoGraph
		SccLocalPath1 = ..\\ExoGraph\\ExoGraph
		SccProjectUniqueName2 = ExoWeb\\ExoWeb.csproj
		SccProjectName2 = ExoWeb
		SccLocalPath2 = ExoWeb
		SccProjectUniqueName3 = ExoWeb.Samples\\ExoWeb.Samples.csproj
		SccProjectName3 = ExoWeb.Samples
		SccLocalPath3 = ExoWeb.Samples
		SccProjectUniqueName4 = ExoWeb.UnitTests\\ExoWeb.UnitTests.csproj
		SccProjectName4 = ExoWeb.UnitTests
		SccLocalPath4 = ExoWeb.UnitTests
		SccProjectUniqueName5 = ExoWeb.DataAnnotations\\ExoWeb.DataAnnotations.csproj
		SccProjectName5 = ExoWeb.DataAnnotations
		SccLocalPath5 = ExoWeb.DataAnnotations
		SccProjectUniqueName6 = ExoWeb.UnitTests.Server\\ExoWeb.UnitTests.Server.csproj
		SccProjectName6 = ExoWeb.UnitTests.Server
		SccLocalPath6 = ExoWeb.UnitTests.Server
	EndGlobalSection
	GlobalSection(TestCaseManagementSettings) = postSolution
		CategoryFile = ExoWeb.vsmdi
	EndGlobalSection
	GlobalSection(SolutionConfigurationPlatforms) = preSolution
		Debug|Any CPU = Debug|Any CPU
		Release|Any CPU = Release|Any CPU
	EndGlobalSection
	GlobalSection(ProjectConfigurationPlatforms) = postSolution
		{4B14422C-751C-42AE-832A-B474A4AD0D95}.Debug|Any CPU.ActiveCfg = Debug|Any CPU
		{4B14422C-751C-42AE-832A-B474A4AD0D95}.Debug|Any CPU.Build.0 = Debug|Any CPU
		{4B14422C-751C-42AE-832A-B474A4AD0D95}.Release|Any CPU.ActiveCfg = Release|Any CPU
		{4B14422C-751C-42AE-832A-B474A4AD0D95}.Release|Any CPU.Build.0 = Release|Any CPU
		{F1D92AF4-9E97-4D29-8A24-B3C3011F2A42}.Debug|Any CPU.ActiveCfg = Debug|Any CPU
		{F1D92AF4-9E97-4D29-8A24-B3C3011F2A42}.Debug|Any CPU.Build.0 = Debug|Any CPU
		{F1D92AF4-9E97-4D29-8A24-B3C3011F2A42}.Release|Any CPU.ActiveCfg = Release|Any CPU
		{F1D92AF4-9E97-4D29-8A24-B3C3011F2A42}.Release|Any CPU.Build.0 = Release|Any CPU
		{8FFBF556-E856-469E-8E6E-E88A6165766B}.Debug|Any CPU.ActiveCfg = Debug|Any CPU
		{8FFBF556-E856-469E-8E6E-E88A6165766B}.Debug|Any CPU.Build.0 = Debug|Any CPU
		{8FFBF556-E856-469E-8E6E-E88A6165766B}.Release|Any CPU.ActiveCfg = Release|Any CPU
		{8FFBF556-E856-469E-8E6E-E88A6165766B}.Release|Any CPU.Build.0 = Release|Any CPU
		{2CA3FA4E-53DA-4E4C-BBFC-DDC0A010F4BA}.Debug|Any CPU.ActiveCfg = Debug|Any CPU
		{2CA3FA4E-53DA-4E4C-BBFC-DDC0A010F4BA}.Debug|Any CPU.Build.0 = Debug|Any CPU
		{2CA3FA4E-53DA-4E4C-BBFC-DDC0A010F4BA}.Release|Any CPU.ActiveCfg = Release|Any CPU
		{2CA3FA4E-53DA-4E4C-BBFC-DDC0A010F4BA}.Release|Any CPU.Build.0 = Release|Any CPU
		{662948BC-59DA-4771-949F-C5327BF35518}.Debug|Any CPU.ActiveCfg = Debug|Any CPU
		{662948BC-59DA-4771-949F-C5327BF35518}.Debug|Any CPU.Build.0 = Debug|Any CPU
		{662948BC-59DA-4771-949F-C5327BF35518}.Release|Any CPU.ActiveCfg = Release|Any CPU
		{662948BC-59DA-4771-949F-C5327BF35518}.Release|Any CPU.Build.0 = Release|Any CPU
		{390E2A10-D560-4DF0-8342-B1B686F74189}.Debug|Any CPU.ActiveCfg = Debug|Any CPU
		{390E2A10-D560-4DF0-8342-B1B686F74189}.Debug|Any CPU.Build.0 = Debug|Any CPU
		{390E2A10-D560-4DF0-8342-B1B686F74189}.Release|Any CPU.ActiveCfg = Release|Any CPU
		{390E2A10-D560-4DF0-8342-B1B686F74189}.Release|Any CPU.Build.0 = Release|Any CPU
	EndGlobalSection
	GlobalSection(SolutionProperties) = preSolution
		HideSolutionNode = FALSE
	EndGlobalSection
EndGlobal
