
Microsoft Visual Studio Solution File, Format Version 10.00
# Visual Studio 2008
Project("{FAE04EC0-301F-11D3-BF4B-00C04F79EFBC}") = "ExoWeb", "ExoWeb\ExoWeb.csproj", "{4B14422C-751C-42AE-832A-B474A4AD0D95}"
EndProject
Project("{FAE04EC0-301F-11D3-BF4B-00C04F79EFBC}") = "ExoGraph", "..\ExoGraph\ExoGraph\ExoGraph.csproj", "{F1D92AF4-9E97-4D29-8A24-B3C3011F2A42}"
EndProject
Project("{FAE04EC0-301F-11D3-BF4B-00C04F79EFBC}") = "ExoWeb.Samples", "ExoWeb.Samples\ExoWeb.Samples.csproj", "{8FFBF556-E856-469E-8E6E-E88A6165766B}"
EndProject
Project("{FAE04EC0-301F-11D3-BF4B-00C04F79EFBC}") = "ExoWeb.UnitTests", "ExoWeb.UnitTests\ExoWeb.UnitTests.csproj", "{2CA3FA4E-53DA-4E4C-BBFC-DDC0A010F4BA}"
EndProject
Global
	GlobalSection(TeamFoundationVersionControl) = preSolution
		SccNumberOfProjects = 5
		SccEnterpriseProvider = {4CA58AB2-18FA-4F8D-95D4-32DDF27D184C}
		SccTeamFoundationServer = http://appdev-build:8080/
		SccLocalPath0 = .
		SccProjectUniqueName1 = ..\\ExoGraph\\ExoGraph\\ExoGraph.csproj
		SccProjectName1 = ../ExoGraph/ExoGraph
		SccLocalPath1 = ..\\ExoGraph\\ExoGraph
		SccProjectUniqueName2 = ExoWeb\\ExoWeb.csproj
		SccProjectName2 = ExoWeb
		SccLocalPath2 = ExoWeb
		SccProjectUniqueName3 = ExoWeb.Samples\\ExoWeb.Samples.csproj
		SccProjectName3 = ExoWeb.Samples
		SccLocalPath3 = ExoWeb.Samples
		SccProjectUniqueName4 = ExoWeb.UnitTests\\ExoWeb.UnitTests.csproj
		SccProjectName4 = ExoWeb.UnitTests
		SccLocalPath4 = ExoWeb.UnitTests
	EndGlobalSection
	GlobalSection(SolutionConfigurationPlatforms) = preSolution
		Debug|Any CPU = Debug|Any CPU
		Release|Any CPU = Release|Any CPU
	EndGlobalSection
	GlobalSection(ProjectConfigurationPlatforms) = postSolution
		{4B14422C-751C-42AE-832A-B474A4AD0D95}.Debug|Any CPU.ActiveCfg = Debug|Any CPU
		{4B14422C-751C-42AE-832A-B474A4AD0D95}.Debug|Any CPU.Build.0 = Debug|Any CPU
		{4B14422C-751C-42AE-832A-B474A4AD0D95}.Release|Any CPU.ActiveCfg = Release|Any CPU
		{4B14422C-751C-42AE-832A-B474A4AD0D95}.Release|Any CPU.Build.0 = Release|Any CPU
		{F1D92AF4-9E97-4D29-8A24-B3C3011F2A42}.Debug|Any CPU.ActiveCfg = Debug|Any CPU
		{F1D92AF4-9E97-4D29-8A24-B3C3011F2A42}.Debug|Any CPU.Build.0 = Debug|Any CPU
		{F1D92AF4-9E97-4D29-8A24-B3C3011F2A42}.Release|Any CPU.ActiveCfg = Release|Any CPU
		{F1D92AF4-9E97-4D29-8A24-B3C3011F2A42}.Release|Any CPU.Build.0 = Release|Any CPU
		{8FFBF556-E856-469E-8E6E-E88A6165766B}.Debug|Any CPU.ActiveCfg = Debug|Any CPU
		{8FFBF556-E856-469E-8E6E-E88A6165766B}.Debug|Any CPU.Build.0 = Debug|Any CPU
		{8FFBF556-E856-469E-8E6E-E88A6165766B}.Release|Any CPU.ActiveCfg = Release|Any CPU
		{8FFBF556-E856-469E-8E6E-E88A6165766B}.Release|Any CPU.Build.0 = Release|Any CPU
		{2CA3FA4E-53DA-4E4C-BBFC-DDC0A010F4BA}.Debug|Any CPU.ActiveCfg = Debug|Any CPU
		{2CA3FA4E-53DA-4E4C-BBFC-DDC0A010F4BA}.Debug|Any CPU.Build.0 = Debug|Any CPU
		{2CA3FA4E-53DA-4E4C-BBFC-DDC0A010F4BA}.Release|Any CPU.ActiveCfg = Release|Any CPU
		{2CA3FA4E-53DA-4E4C-BBFC-DDC0A010F4BA}.Release|Any CPU.Build.0 = Release|Any CPU
	EndGlobalSection
	GlobalSection(SolutionProperties) = preSolution
		HideSolutionNode = FALSE
	EndGlobalSection
EndGlobal
