
Microsoft Visual Studio Solution File, Format Version 11.00
# Visual Studio 2010
Project("{00000000-0000-0000-0000-000000000000}") = "Helpdesk", "Helpdesk.csproj", "{F1896D5C-29D8-4C1A-9E96-5423A9B88E19}"
EndProject
Global
	GlobalSection(SolutionConfigurationPlatforms) = preSolution
		Debug|Any CPU = Debug|Any CPU
		Release|Any CPU = Release|Any CPU
	EndGlobalSection
	GlobalSection(ProjectConfigurationPlatforms) = postSolution
		{F1896D5C-29D8-4C1A-9E96-5423A9B88E19}.Debug|Any CPU.ActiveCfg = Debug|Any CPU
		{F1896D5C-29D8-4C1A-9E96-5423A9B88E19}.Debug|Any CPU.Build.0 = Debug|Any CPU
		{F1896D5C-29D8-4C1A-9E96-5423A9B88E19}.Release|Any CPU.ActiveCfg = Release|Any CPU
		{F1896D5C-29D8-4C1A-9E96-5423A9B88E19}.Release|Any CPU.Build.0 = Release|Any CPU
	EndGlobalSection
	GlobalSection(SolutionProperties) = preSolution
		HideSolutionNode = FALSE
	EndGlobalSection
EndGlobal
